
Microsoft Visual Studio Solution File, Format Version 12.00
# Visual Studio Version 17
VisualStudioVersion = 17.14.36915.13 d17.14
MinimumVisualStudioVersion = 10.0.40219.1
Project("{FAE04EC0-301F-11D3-BF4B-00C04F79EFBC}") = "1121733-hw1", "1121733-hw1\1121733-hw1.csproj", "{8219F0F5-0722-4717-B0C9-CB45F7E3932E}"
EndProject
Global
	GlobalSection(SolutionConfigurationPlatforms) = preSolution
		Debug|Any CPU = Debug|Any CPU
		Release|Any CPU = Release|Any CPU
	EndGlobalSection
	GlobalSection(ProjectConfigurationPlatforms) = postSolution
		{8219F0F5-0722-4717-B0C9-CB45F7E3932E}.Debug|Any CPU.ActiveCfg = Debug|Any CPU
		{8219F0F5-0722-4717-B0C9-CB45F7E3932E}.Debug|Any CPU.Build.0 = Debug|Any CPU
		{8219F0F5-0722-4717-B0C9-CB45F7E3932E}.Release|Any CPU.ActiveCfg = Release|Any CPU
		{8219F0F5-0722-4717-B0C9-CB45F7E3932E}.Release|Any CPU.Build.0 = Release|Any CPU
	EndGlobalSection
	GlobalSection(SolutionProperties) = preSolution
		HideSolutionNode = FALSE
	EndGlobalSection
	GlobalSection(ExtensibilityGlobals) = postSolution
		SolutionGuid = {0203E9F3-9039-4891-9894-8C4D1677E3E9}
	EndGlobalSection
EndGlobal
